// !$*UTF8*$!
{
	archiveVersion = 1;
	classes = {
	};
	objectVersion = 55;
	objects = {

/* Begin PBXBuildFile section */
		4968DA25CD3E7A52C3CC3DE9 /* Pods_NewsAppMVVM.framework in Frameworks */ = {isa = PBXBuildFile; fileRef = 04BF1EA9BDDBEEBA9B2E75F0 /* Pods_NewsAppMVVM.framework */; };
		8E1AC410286F12E700EEE28C /* File.swift in Sources */ = {isa = PBXBuildFile; fileRef = 8E1AC40F286F12E700EEE28C /* File.swift */; };
		8E64BF30286AF14700A714F2 /* AppDelegate.swift in Sources */ = {isa = PBXBuildFile; fileRef = 8E64BF2F286AF14700A714F2 /* AppDelegate.swift */; };
		8E64BF32286AF14700A714F2 /* SceneDelegate.swift in Sources */ = {isa = PBXBuildFile; fileRef = 8E64BF31286AF14700A714F2 /* SceneDelegate.swift */; };
		8E64BF34286AF14700A714F2 /* ViewController.swift in Sources */ = {isa = PBXBuildFile; fileRef = 8E64BF33286AF14700A714F2 /* ViewController.swift */; };
		8E64BF37286AF14700A714F2 /* Main.storyboard in Resources */ = {isa = PBXBuildFile; fileRef = 8E64BF35286AF14700A714F2 /* Main.storyboard */; };
		8E64BF39286AF14C00A714F2 /* Assets.xcassets in Resources */ = {isa = PBXBuildFile; fileRef = 8E64BF38286AF14C00A714F2 /* Assets.xcassets */; };
		8E64BF3C286AF14C00A714F2 /* LaunchScreen.storyboard in Resources */ = {isa = PBXBuildFile; fileRef = 8E64BF3A286AF14C00A714F2 /* LaunchScreen.storyboard */; };
		8E64BF4B286AF3DB00A714F2 /* ArticleAPI.swift in Sources */ = {isa = PBXBuildFile; fileRef = 8E64BF4A286AF3DB00A714F2 /* ArticleAPI.swift */; };
		8E64BF4E286AF53400A714F2 /* WebService.swift in Sources */ = {isa = PBXBuildFile; fileRef = 8E64BF4D286AF53400A714F2 /* WebService.swift */; };
		8E64BF50286AFBEF00A714F2 /* ArticleViewModel.swift in Sources */ = {isa = PBXBuildFile; fileRef = 8E64BF4F286AFBEF00A714F2 /* ArticleViewModel.swift */; };
		8E64BF53286B3B1900A714F2 /* ArticleCell.swift in Sources */ = {isa = PBXBuildFile; fileRef = 8E64BF52286B3B1900A714F2 /* ArticleCell.swift */; };
/* End PBXBuildFile section */

/* Begin PBXFileReference section */
		04BF1EA9BDDBEEBA9B2E75F0 /* Pods_NewsAppMVVM.framework */ = {isa = PBXFileReference; explicitFileType = wrapper.framework; includeInIndex = 0; path = Pods_NewsAppMVVM.framework; sourceTree = BUILT_PRODUCTS_DIR; };
		14825AED2E65837A90286F1D /* Pods-NewsAppMVVM.debug.xcconfig */ = {isa = PBXFileReference; includeInIndex = 1; lastKnownFileType = text.xcconfig; name = "Pods-NewsAppMVVM.debug.xcconfig"; path = "Target Support Files/Pods-NewsAppMVVM/Pods-NewsAppMVVM.debug.xcconfig"; sourceTree = "<group>"; };
		8E1AC40F286F12E700EEE28C /* File.swift */ = {isa = PBXFileReference; lastKnownFileType = sourcecode.swift; path = File.swift; sourceTree = "<group>"; };
		8E64BF2C286AF14700A714F2 /* NewsAppMVVM.app */ = {isa = PBXFileReference; explicitFileType = wrapper.application; includeInIndex = 0; path = NewsAppMVVM.app; sourceTree = BUILT_PRODUCTS_DIR; };
		8E64BF2F286AF14700A714F2 /* AppDelegate.swift */ = {isa = PBXFileReference; lastKnownFileType = sourcecode.swift; path = AppDelegate.swift; sourceTree = "<group>"; };
		8E64BF31286AF14700A714F2 /* SceneDelegate.swift */ = {isa = PBXFileReference; lastKnownFileType = sourcecode.swift; path = SceneDelegate.swift; sourceTree = "<group>"; };
		8E64BF33286AF14700A714F2 /* ViewController.swift */ = {isa = PBXFileReference; lastKnownFileType = sourcecode.swift; path = ViewController.swift; sourceTree = "<group>"; };
		8E64BF36286AF14700A714F2 /* Base */ = {isa = PBXFileReference; lastKnownFileType = file.storyboard; name = Base; path = Base.lproj/Main.storyboard; sourceTree = "<group>"; };
		8E64BF38286AF14C00A714F2 /* Assets.xcassets */ = {isa = PBXFileReference; lastKnownFileType = folder.assetcatalog; path = Assets.xcassets; sourceTree = "<group>"; };
		8E64BF3B286AF14C00A714F2 /* Base */ = {isa = PBXFileReference; lastKnownFileType = file.storyboard; name = Base; path = Base.lproj/LaunchScreen.storyboard; sourceTree = "<group>"; };
		8E64BF3D286AF14C00A714F2 /* Info.plist */ = {isa = PBXFileReference; lastKnownFileType = text.plist.xml; path = Info.plist; sourceTree = "<group>"; };
		8E64BF4A286AF3DB00A714F2 /* ArticleAPI.swift */ = {isa = PBXFileReference; lastKnownFileType = sourcecode.swift; path = ArticleAPI.swift; sourceTree = "<group>"; };
		8E64BF4D286AF53400A714F2 /* WebService.swift */ = {isa = PBXFileReference; lastKnownFileType = sourcecode.swift; path = WebService.swift; sourceTree = "<group>"; };
		8E64BF4F286AFBEF00A714F2 /* ArticleViewModel.swift */ = {isa = PBXFileReference; lastKnownFileType = sourcecode.swift; path = ArticleViewModel.swift; sourceTree = "<group>"; };
		8E64BF52286B3B1900A714F2 /* ArticleCell.swift */ = {isa = PBXFileReference; lastKnownFileType = sourcecode.swift; path = ArticleCell.swift; sourceTree = "<group>"; };
		C3123255110BB1AB016F6F41 /* Pods-NewsAppMVVM.release.xcconfig */ = {isa = PBXFileReference; includeInIndex = 1; lastKnownFileType = text.xcconfig; name = "Pods-NewsAppMVVM.release.xcconfig"; path = "Target Support Files/Pods-NewsAppMVVM/Pods-NewsAppMVVM.release.xcconfig"; sourceTree = "<group>"; };
/* End PBXFileReference section */

/* Begin PBXFrameworksBuildPhase section */
		8E64BF29286AF14700A714F2 /* Frameworks */ = {
			isa = PBXFrameworksBuildPhase;
			buildActionMask = 2147483647;
			files = (
				4968DA25CD3E7A52C3CC3DE9 /* Pods_NewsAppMVVM.framework in Frameworks */,
			);
			runOnlyForDeploymentPostprocessing = 0;
		};
/* End PBXFrameworksBuildPhase section */

/* Begin PBXGroup section */
		17E4EF8A1D1777A10F5D369F /* Pods */ = {
			isa = PBXGroup;
			children = (
				14825AED2E65837A90286F1D /* Pods-NewsAppMVVM.debug.xcconfig */,
				C3123255110BB1AB016F6F41 /* Pods-NewsAppMVVM.release.xcconfig */,
			);
			path = Pods;
			sourceTree = "<group>";
		};
		35D7D6B2266BF9A73FECD481 /* Frameworks */ = {
			isa = PBXGroup;
			children = (
				04BF1EA9BDDBEEBA9B2E75F0 /* Pods_NewsAppMVVM.framework */,
			);
			name = Frameworks;
			sourceTree = "<group>";
		};
		8E64BF23286AF14700A714F2 = {
			isa = PBXGroup;
			children = (
				8E64BF2E286AF14700A714F2 /* NewsAppMVVM */,
				8E64BF2D286AF14700A714F2 /* Products */,
				17E4EF8A1D1777A10F5D369F /* Pods */,
				35D7D6B2266BF9A73FECD481 /* Frameworks */,
			);
			sourceTree = "<group>";
		};
		8E64BF2D286AF14700A714F2 /* Products */ = {
			isa = PBXGroup;
			children = (
				8E64BF2C286AF14700A714F2 /* NewsAppMVVM.app */,
			);
			name = Products;
			sourceTree = "<group>";
		};
		8E64BF2E286AF14700A714F2 /* NewsAppMVVM */ = {
			isa = PBXGroup;
			children = (
				8E64BF51286B3B0A00A714F2 /* Cell */,
				8E64BF4C286AF52400A714F2 /* Service */,
				8E64BF49286AF1BB00A714F2 /* View */,
				8E64BF48286AF1B400A714F2 /* ViewModel */,
				8E64BF46286AF19F00A714F2 /* Model */,
				8E64BF47286AF1A600A714F2 /* Storyboard */,
				8E64BF45286AF18400A714F2 /* Utilities */,
				8E64BF43286AF16700A714F2 /* Resources */,
			);
			path = NewsAppMVVM;
			sourceTree = "<group>";
		};
		8E64BF43286AF16700A714F2 /* Resources */ = {
			isa = PBXGroup;
			children = (
				8E64BF38286AF14C00A714F2 /* Assets.xcassets */,
				8E64BF3D286AF14C00A714F2 /* Info.plist */,
			);
			path = Resources;
			sourceTree = "<group>";
		};
		8E64BF45286AF18400A714F2 /* Utilities */ = {
			isa = PBXGroup;
			children = (
				8E64BF31286AF14700A714F2 /* SceneDelegate.swift */,
				8E64BF2F286AF14700A714F2 /* AppDelegate.swift */,
			);
			path = Utilities;
			sourceTree = "<group>";
		};
		8E64BF46286AF19F00A714F2 /* Model */ = {
			isa = PBXGroup;
			children = (
				8E64BF4A286AF3DB00A714F2 /* ArticleAPI.swift */,
			);
			path = Model;
			sourceTree = "<group>";
		};
		8E64BF47286AF1A600A714F2 /* Storyboard */ = {
			isa = PBXGroup;
			children = (
				8E64BF35286AF14700A714F2 /* Main.storyboard */,
				8E64BF3A286AF14C00A714F2 /* LaunchScreen.storyboard */,
			);
			path = Storyboard;
			sourceTree = "<group>";
		};
		8E64BF48286AF1B400A714F2 /* ViewModel */ = {
			isa = PBXGroup;
			children = (
				8E64BF4F286AFBEF00A714F2 /* ArticleViewModel.swift */,
			);
			path = ViewModel;
			sourceTree = "<group>";
		};
		8E64BF49286AF1BB00A714F2 /* View */ = {
			isa = PBXGroup;
			children = (
				8E64BF33286AF14700A714F2 /* ViewController.swift */,
			);
			path = View;
			sourceTree = "<group>";
		};
		8E64BF4C286AF52400A714F2 /* Service */ = {
			isa = PBXGroup;
			children = (
				8E64BF4D286AF53400A714F2 /* WebService.swift */,
			);
			path = Service;
			sourceTree = "<group>";
		};
		8E64BF51286B3B0A00A714F2 /* Cell */ = {
			isa = PBXGroup;
			children = (
				8E64BF52286B3B1900A714F2 /* ArticleCell.swift */,
				8E1AC40F286F12E700EEE28C /* File.swift */,
			);
			path = Cell;
			sourceTree = "<group>";
		};
/* End PBXGroup section */

/* Begin PBXNativeTarget section */
		8E64BF2B286AF14700A714F2 /* NewsAppMVVM */ = {
			isa = PBXNativeTarget;
			buildConfigurationList = 8E64BF40286AF14C00A714F2 /* Build configuration list for PBXNativeTarget "NewsAppMVVM" */;
			buildPhases = (
				B97CB32D22C31D85198392A6 /* [CP] Check Pods Manifest.lock */,
				8E64BF28286AF14700A714F2 /* Sources */,
				8E64BF29286AF14700A714F2 /* Frameworks */,
				8E64BF2A286AF14700A714F2 /* Resources */,
				C2CC998812BC0DF7FB3689CA /* [CP] Embed Pods Frameworks */,
			);
			buildRules = (
			);
			dependencies = (
			);
			name = NewsAppMVVM;
			productName = NewsAppMVVM;
			productReference = 8E64BF2C286AF14700A714F2 /* NewsAppMVVM.app */;
			productType = "com.apple.product-type.application";
		};
/* End PBXNativeTarget section */

/* Begin PBXProject section */
		8E64BF24286AF14700A714F2 /* Project object */ = {
			isa = PBXProject;
			attributes = {
				BuildIndependentTargetsInParallel = 1;
				LastSwiftUpdateCheck = 1320;
				LastUpgradeCheck = 1320;
				TargetAttributes = {
					8E64BF2B286AF14700A714F2 = {
						CreatedOnToolsVersion = 13.2.1;
					};
				};
			};
			buildConfigurationList = 8E64BF27286AF14700A714F2 /* Build configuration list for PBXProject "NewsAppMVVM" */;
			compatibilityVersion = "Xcode 13.0";
			developmentRegion = en;
			hasScannedForEncodings = 0;
			knownRegions = (
				en,
				Base,
			);
			mainGroup = 8E64BF23286AF14700A714F2;
			productRefGroup = 8E64BF2D286AF14700A714F2 /* Products */;
			projectDirPath = "";
			projectRoot = "";
			targets = (
				8E64BF2B286AF14700A714F2 /* NewsAppMVVM */,
			);
		};
/* End PBXProject section */

/* Begin PBXResourcesBuildPhase section */
		8E64BF2A286AF14700A714F2 /* Resources */ = {
			isa = PBXResourcesBuildPhase;
			buildActionMask = 2147483647;
			files = (
				8E64BF3C286AF14C00A714F2 /* LaunchScreen.storyboard in Resources */,
				8E64BF39286AF14C00A714F2 /* Assets.xcassets in Resources */,
				8E64BF37286AF14700A714F2 /* Main.storyboard in Resources */,
			);
			runOnlyForDeploymentPostprocessing = 0;
		};
/* End PBXResourcesBuildPhase section */

/* Begin PBXShellScriptBuildPhase section */
		B97CB32D22C31D85198392A6 /* [CP] Check Pods Manifest.lock */ = {
			isa = PBXShellScriptBuildPhase;
			buildActionMask = 2147483647;
			files = (
			);
			inputFileListPaths = (
			);
			inputPaths = (
				"${PODS_PODFILE_DIR_PATH}/Podfile.lock",
				"${PODS_ROOT}/Manifest.lock",
			);
			name = "[CP] Check Pods Manifest.lock";
			outputFileListPaths = (
			);
			outputPaths = (
				"$(DERIVED_FILE_DIR)/Pods-NewsAppMVVM-checkManifestLockResult.txt",
			);
			runOnlyForDeploymentPostprocessing = 0;
			shellPath = /bin/sh;
			shellScript = "diff \"${PODS_PODFILE_DIR_PATH}/Podfile.lock\" \"${PODS_ROOT}/Manifest.lock\" > /dev/null\nif [ $? != 0 ] ; then\n    # print error to STDERR\n    echo \"error: The sandbox is not in sync with the Podfile.lock. Run 'pod install' or update your CocoaPods installation.\" >&2\n    exit 1\nfi\n# This output is used by Xcode 'outputs' to avoid re-running this script phase.\necho \"SUCCESS\" > \"${SCRIPT_OUTPUT_FILE_0}\"\n";
			showEnvVarsInLog = 0;
		};
		C2CC998812BC0DF7FB3689CA /* [CP] Embed Pods Frameworks */ = {
			isa = PBXShellScriptBuildPhase;
			buildActionMask = 2147483647;
			files = (
			);
			inputFileListPaths = (
				"${PODS_ROOT}/Target Support Files/Pods-NewsAppMVVM/Pods-NewsAppMVVM-frameworks-${CONFIGURATION}-input-files.xcfilelist",
			);
			name = "[CP] Embed Pods Frameworks";
			outputFileListPaths = (
				"${PODS_ROOT}/Target Support Files/Pods-NewsAppMVVM/Pods-NewsAppMVVM-frameworks-${CONFIGURATION}-output-files.xcfilelist",
			);
			runOnlyForDeploymentPostprocessing = 0;
			shellPath = /bin/sh;
			shellScript = "\"${PODS_ROOT}/Target Support Files/Pods-NewsAppMVVM/Pods-NewsAppMVVM-frameworks.sh\"\n";
			showEnvVarsInLog = 0;
		};
/* End PBXShellScriptBuildPhase section */

/* Begin PBXSourcesBuildPhase section */
		8E64BF28286AF14700A714F2 /* Sources */ = {
			isa = PBXSourcesBuildPhase;
			buildActionMask = 2147483647;
			files = (
				8E64BF34286AF14700A714F2 /* ViewController.swift in Sources */,
				8E64BF4B286AF3DB00A714F2 /* ArticleAPI.swift in Sources */,
				8E64BF30286AF14700A714F2 /* AppDelegate.swift in Sources */,
				8E64BF50286AFBEF00A714F2 /* ArticleViewModel.swift in Sources */,
				8E64BF53286B3B1900A714F2 /* ArticleCell.swift in Sources */,
				8E1AC410286F12E700EEE28C /* File.swift in Sources */,
				8E64BF4E286AF53400A714F2 /* WebService.swift in Sources */,
				8E64BF32286AF14700A714F2 /* SceneDelegate.swift in Sources */,
			);
			runOnlyForDeploymentPostprocessing = 0;
		};
/* End PBXSourcesBuildPhase section */

/* Begin PBXVariantGroup section */
		8E64BF35286AF14700A714F2 /* Main.storyboard */ = {
			isa = PBXVariantGroup;
			children = (
				8E64BF36286AF14700A714F2 /* Base */,
			);
			name = Main.storyboard;
			sourceTree = "<group>";
		};
		8E64BF3A286AF14C00A714F2 /* LaunchScreen.storyboard */ = {
			isa = PBXVariantGroup;
			children = (
				8E64BF3B286AF14C00A714F2 /* Base */,
			);
			name = LaunchScreen.storyboard;
			sourceTree = "<group>";
		};
/* End PBXVariantGroup section */

/* Begin XCBuildConfiguration section */
		8E64BF3E286AF14C00A714F2 /* Debug */ = {
			isa = XCBuildConfiguration;
			buildSettings = {
				ALWAYS_SEARCH_USER_PATHS = NO;
				CLANG_ANALYZER_NONNULL = YES;
				CLANG_ANALYZER_NUMBER_OBJECT_CONVERSION = YES_AGGRESSIVE;
				CLANG_CXX_LANGUAGE_STANDARD = "gnu++17";
				CLANG_CXX_LIBRARY = "libc++";
				CLANG_ENABLE_MODULES = YES;
				CLANG_ENABLE_OBJC_ARC = YES;
				CLANG_ENABLE_OBJC_WEAK = YES;
				CLANG_WARN_BLOCK_CAPTURE_AUTORELEASING = YES;
				CLANG_WARN_BOOL_CONVERSION = YES;
				CLANG_WARN_COMMA = YES;
				CLANG_WARN_CONSTANT_CONVERSION = YES;
				CLANG_WARN_DEPRECATED_OBJC_IMPLEMENTATIONS = YES;
				CLANG_WARN_DIRECT_OBJC_ISA_USAGE = YES_ERROR;
				CLANG_WARN_DOCUMENTATION_COMMENTS = YES;
				CLANG_WARN_EMPTY_BODY = YES;
				CLANG_WARN_ENUM_CONVERSION = YES;
				CLANG_WARN_INFINITE_RECURSION = YES;
				CLANG_WARN_INT_CONVERSION = YES;
				CLANG_WARN_NON_LITERAL_NULL_CONVERSION = YES;
				CLANG_WARN_OBJC_IMPLICIT_RETAIN_SELF = YES;
				CLANG_WARN_OBJC_LITERAL_CONVERSION = YES;
				CLANG_WARN_OBJC_ROOT_CLASS = YES_ERROR;
				CLANG_WARN_QUOTED_INCLUDE_IN_FRAMEWORK_HEADER = YES;
				CLANG_WARN_RANGE_LOOP_ANALYSIS = YES;
				CLANG_WARN_STRICT_PROTOTYPES = YES;
				CLANG_WARN_SUSPICIOUS_MOVE = YES;
				CLANG_WARN_UNGUARDED_AVAILABILITY = YES_AGGRESSIVE;
				CLANG_WARN_UNREACHABLE_CODE = YES;
				CLANG_WARN__DUPLICATE_METHOD_MATCH = YES;
				COPY_PHASE_STRIP = NO;
				DEBUG_INFORMATION_FORMAT = dwarf;
				ENABLE_STRICT_OBJC_MSGSEND = YES;
				ENABLE_TESTABILITY = YES;
				GCC_C_LANGUAGE_STANDARD = gnu11;
				GCC_DYNAMIC_NO_PIC = NO;
				GCC_NO_COMMON_BLOCKS = YES;
				GCC_OPTIMIZATION_LEVEL = 0;
				GCC_PREPROCESSOR_DEFINITIONS = (
					"DEBUG=1",
					"$(inherited)",
				);
				GCC_WARN_64_TO_32_BIT_CONVERSION = YES;
				GCC_WARN_ABOUT_RETURN_TYPE = YES_ERROR;
				GCC_WARN_UNDECLARED_SELECTOR = YES;
				GCC_WARN_UNINITIALIZED_AUTOS = YES_AGGRESSIVE;
				GCC_WARN_UNUSED_FUNCTION = YES;
				GCC_WARN_UNUSED_VARIABLE = YES;
				IPHONEOS_DEPLOYMENT_TARGET = 15.2;
				MTL_ENABLE_DEBUG_INFO = INCLUDE_SOURCE;
				MTL_FAST_MATH = YES;
				ONLY_ACTIVE_ARCH = YES;
				SDKROOT = iphoneos;
				SWIFT_ACTIVE_COMPILATION_CONDITIONS = DEBUG;
				SWIFT_OPTIMIZATION_LEVEL = "-Onone";
			};
			name = Debug;
		};
		8E64BF3F286AF14C00A714F2 /* Release */ = {
			isa = XCBuildConfiguration;
			buildSettings = {
				ALWAYS_SEARCH_USER_PATHS = NO;
				CLANG_ANALYZER_NONNULL = YES;
				CLANG_ANALYZER_NUMBER_OBJECT_CONVERSION = YES_AGGRESSIVE;
				CLANG_CXX_LANGUAGE_STANDARD = "gnu++17";
				CLANG_CXX_LIBRARY = "libc++";
				CLANG_ENABLE_MODULES = YES;
				CLANG_ENABLE_OBJC_ARC = YES;
				CLANG_ENABLE_OBJC_WEAK = YES;
				CLANG_WARN_BLOCK_CAPTURE_AUTORELEASING = YES;
				CLANG_WARN_BOOL_CONVERSION = YES;
				CLANG_WARN_COMMA = YES;
				CLANG_WARN_CONSTANT_CONVERSION = YES;
				CLANG_WARN_DEPRECATED_OBJC_IMPLEMENTATIONS = YES;
				CLANG_WARN_DIRECT_OBJC_ISA_USAGE = YES_ERROR;
				CLANG_WARN_DOCUMENTATION_COMMENTS = YES;
				CLANG_WARN_EMPTY_BODY = YES;
				CLANG_WARN_ENUM_CONVERSION = YES;
				CLANG_WARN_INFINITE_RECURSION = YES;
				CLANG_WARN_INT_CONVERSION = YES;
				CLANG_WARN_NON_LITERAL_NULL_CONVERSION = YES;
				CLANG_WARN_OBJC_IMPLICIT_RETAIN_SELF = YES;
				CLANG_WARN_OBJC_LITERAL_CONVERSION = YES;
				CLANG_WARN_OBJC_ROOT_CLASS = YES_ERROR;
				CLANG_WARN_QUOTED_INCLUDE_IN_FRAMEWORK_HEADER = YES;
				CLANG_WARN_RANGE_LOOP_ANALYSIS = YES;
				CLANG_WARN_STRICT_PROTOTYPES = YES;
				CLANG_WARN_SUSPICIOUS_MOVE = YES;
				CLANG_WARN_UNGUARDED_AVAILABILITY = YES_AGGRESSIVE;
				CLANG_WARN_UNREACHABLE_CODE = YES;
				CLANG_WARN__DUPLICATE_METHOD_MATCH = YES;
				COPY_PHASE_STRIP = NO;
				DEBUG_INFORMATION_FORMAT = "dwarf-with-dsym";
				ENABLE_NS_ASSERTIONS = NO;
				ENABLE_STRICT_OBJC_MSGSEND = YES;
				GCC_C_LANGUAGE_STANDARD = gnu11;
				GCC_NO_COMMON_BLOCKS = YES;
				GCC_WARN_64_TO_32_BIT_CONVERSION = YES;
				GCC_WARN_ABOUT_RETURN_TYPE = YES_ERROR;
				GCC_WARN_UNDECLARED_SELECTOR = YES;
				GCC_WARN_UNINITIALIZED_AUTOS = YES_AGGRESSIVE;
				GCC_WARN_UNUSED_FUNCTION = YES;
				GCC_WARN_UNUSED_VARIABLE = YES;
				IPHONEOS_DEPLOYMENT_TARGET = 15.2;
				MTL_ENABLE_DEBUG_INFO = NO;
				MTL_FAST_MATH = YES;
				SDKROOT = iphoneos;
				SWIFT_COMPILATION_MODE = wholemodule;
				SWIFT_OPTIMIZATION_LEVEL = "-O";
				VALIDATE_PRODUCT = YES;
			};
			name = Release;
		};
		8E64BF41286AF14C00A714F2 /* Debug */ = {
			isa = XCBuildConfiguration;
			baseConfigurationReference = 14825AED2E65837A90286F1D /* Pods-NewsAppMVVM.debug.xcconfig */;
			buildSettings = {
				ASSETCATALOG_COMPILER_APPICON_NAME = AppIcon;
				ASSETCATALOG_COMPILER_GLOBAL_ACCENT_COLOR_NAME = AccentColor;
				CODE_SIGN_STYLE = Automatic;
				CURRENT_PROJECT_VERSION = 1;
				GENERATE_INFOPLIST_FILE = YES;
				INFOPLIST_FILE = NewsAppMVVM/Resources/Info.plist;
				INFOPLIST_KEY_UIApplicationSupportsIndirectInputEvents = YES;
				INFOPLIST_KEY_UILaunchStoryboardName = LaunchScreen;
				INFOPLIST_KEY_UIMainStoryboardFile = Main;
				INFOPLIST_KEY_UISupportedInterfaceOrientations_iPad = "UIInterfaceOrientationPortrait UIInterfaceOrientationPortraitUpsideDown UIInterfaceOrientationLandscapeLeft UIInterfaceOrientationLandscapeRight";
				INFOPLIST_KEY_UISupportedInterfaceOrientations_iPhone = "UIInterfaceOrientationPortrait UIInterfaceOrientationLandscapeLeft UIInterfaceOrientationLandscapeRight";
				LD_RUNPATH_SEARCH_PATHS = (
					"$(inherited)",
					"@executable_path/Frameworks",
				);
				MARKETING_VERSION = 1.0;
				PRODUCT_BUNDLE_IDENTIFIER = ahmetutku.NewsAppMVVM;
				PRODUCT_NAME = "$(TARGET_NAME)";
				SWIFT_EMIT_LOC_STRINGS = YES;
				SWIFT_VERSION = 5.0;
				TARGETED_DEVICE_FAMILY = "1,2";
			};
			name = Debug;
		};
		8E64BF42286AF14C00A714F2 /* Release */ = {
			isa = XCBuildConfiguration;
			baseConfigurationReference = C3123255110BB1AB016F6F41 /* Pods-NewsAppMVVM.release.xcconfig */;
			buildSettings = {
				ASSETCATALOG_COMPILER_APPICON_NAME = AppIcon;
				ASSETCATALOG_COMPILER_GLOBAL_ACCENT_COLOR_NAME = AccentColor;
				CODE_SIGN_STYLE = Automatic;
				CURRENT_PROJECT_VERSION = 1;
				GENERATE_INFOPLIST_FILE = YES;
				INFOPLIST_FILE = NewsAppMVVM/Resources/Info.plist;
				INFOPLIST_KEY_UIApplicationSupportsIndirectInputEvents = YES;
				INFOPLIST_KEY_UILaunchStoryboardName = LaunchScreen;
				INFOPLIST_KEY_UIMainStoryboardFile = Main;
				INFOPLIST_KEY_UISupportedInterfaceOrientations_iPad = "UIInterfaceOrientationPortrait UIInterfaceOrientationPortraitUpsideDown UIInterfaceOrientationLandscapeLeft UIInterfaceOrientationLandscapeRight";
				INFOPLIST_KEY_UISupportedInterfaceOrientations_iPhone = "UIInterfaceOrientationPortrait UIInterfaceOrientationLandscapeLeft UIInterfaceOrientationLandscapeRight";
				LD_RUNPATH_SEARCH_PATHS = (
					"$(inherited)",
					"@executable_path/Frameworks",
				);
				MARKETING_VERSION = 1.0;
				PRODUCT_BUNDLE_IDENTIFIER = ahmetutku.NewsAppMVVM;
				PRODUCT_NAME = "$(TARGET_NAME)";
				SWIFT_EMIT_LOC_STRINGS = YES;
				SWIFT_VERSION = 5.0;
				TARGETED_DEVICE_FAMILY = "1,2";
			};
			name = Release;
		};
/* End XCBuildConfiguration section */

/* Begin XCConfigurationList section */
		8E64BF27286AF14700A714F2 /* Build configuration list for PBXProject "NewsAppMVVM" */ = {
			isa = XCConfigurationList;
			buildConfigurations = (
				8E64BF3E286AF14C00A714F2 /* Debug */,
				8E64BF3F286AF14C00A714F2 /* Release */,
			);
			defaultConfigurationIsVisible = 0;
			defaultConfigurationName = Release;
		};
		8E64BF40286AF14C00A714F2 /* Build configuration list for PBXNativeTarget "NewsAppMVVM" */ = {
			isa = XCConfigurationList;
			buildConfigurations = (
				8E64BF41286AF14C00A714F2 /* Debug */,
				8E64BF42286AF14C00A714F2 /* Release */,
			);
			defaultConfigurationIsVisible = 0;
			defaultConfigurationName = Release;
		};
/* End XCConfigurationList section */
	};
	rootObject = 8E64BF24286AF14700A714F2 /* Project object */;
}
